
Microsoft Visual Studio Solution File, Format Version 12.00
# Visual Studio Version 16
VisualStudioVersion = 16.0.30406.217
MinimumVisualStudioVersion = 10.0.40219.1
Project("{FAE04EC0-301F-11D3-BF4B-00C04F79EFBC}") = "KomodoMenuRepoTests", "KomodoMenuRepoTests\KomodoMenuRepoTests.csproj", "{471A951A-7ECC-46E3-A0EC-6CC59C0C660F}"
EndProject
Project("{FAE04EC0-301F-11D3-BF4B-00C04F79EFBC}") = "KomodoMenuUI", "KomodoMenuUI\KomodoMenuUI.csproj", "{A0762ABD-56CC-4386-8CC4-38C3D22C94F3}"
EndProject
Project("{FAE04EC0-301F-11D3-BF4B-00C04F79EFBC}") = "Komodo Cafe", "GoldBadgeChallenges\Komodo Cafe.csproj", "{C6C50F9C-8AB9-42EA-9B49-0AAFC72C4D41}"
EndProject
Project("{2150E333-8FDC-42A3-9474-1A3956D46DE8}") = "Challenge1", "Challenge1", "{3DC91195-9ABA-4C45-A619-B4D8E3E78E17}"
EndProject
Project("{2150E333-8FDC-42A3-9474-1A3956D46DE8}") = "Challenge2", "Challenge2", "{ADC3EE49-1635-4AE4-90D8-E0C250CBE2DF}"
EndProject
Project("{FAE04EC0-301F-11D3-BF4B-00C04F79EFBC}") = "Komodo Insurance", "Claim\Komodo Insurance.csproj", "{062F28B1-2094-4C78-ADF2-EE358F21F04C}"
EndProject
Project("{FAE04EC0-301F-11D3-BF4B-00C04F79EFBC}") = "KomodoClaimTest", "KomodoClaimTest\KomodoClaimTest.csproj", "{D3274E08-FB57-468C-B13B-0AFF0A634831}"
EndProject
Project("{FAE04EC0-301F-11D3-BF4B-00C04F79EFBC}") = "KomodoInsuranceUI", "KomodoInsuranceUI\KomodoInsuranceUI.csproj", "{A1893638-FF80-45B7-88BC-61274EFC1D52}"
EndProject
Project("{2150E333-8FDC-42A3-9474-1A3956D46DE8}") = "Challenge3", "Challenge3", "{B843FF23-AFB7-424B-ACC6-736615863293}"
EndProject
Project("{FAE04EC0-301F-11D3-BF4B-00C04F79EFBC}") = "KomodoBadges", "KomodoBadges\KomodoBadges.csproj", "{5897859D-9362-4747-A3FC-6AE7C3B506BE}"
EndProject
Project("{FAE04EC0-301F-11D3-BF4B-00C04F79EFBC}") = "BadgeTesting", "BadgeTesting\BadgeTesting.csproj", "{F13ACBB9-5E65-4B31-9111-88E633EF72EF}"
EndProject
Project("{FAE04EC0-301F-11D3-BF4B-00C04F79EFBC}") = "InsuranceProgramUI", "InsuranceProgram\InsuranceProgramUI.csproj", "{442852BD-EF54-475B-9910-F332E224BBAC}"
EndProject
Project("{2150E333-8FDC-42A3-9474-1A3956D46DE8}") = "README", "README", "{E5165A6E-0DA8-4EE3-BE28-881DEE29DAA7}"
	ProjectSection(SolutionItems) = preProject
		README.txt = README.txt
	EndProjectSection
EndProject
Global
	GlobalSection(SolutionConfigurationPlatforms) = preSolution
		Debug|Any CPU = Debug|Any CPU
		Release|Any CPU = Release|Any CPU
	EndGlobalSection
	GlobalSection(ProjectConfigurationPlatforms) = postSolution
		{471A951A-7ECC-46E3-A0EC-6CC59C0C660F}.Debug|Any CPU.ActiveCfg = Debug|Any CPU
		{471A951A-7ECC-46E3-A0EC-6CC59C0C660F}.Debug|Any CPU.Build.0 = Debug|Any CPU
		{471A951A-7ECC-46E3-A0EC-6CC59C0C660F}.Release|Any CPU.ActiveCfg = Release|Any CPU
		{471A951A-7ECC-46E3-A0EC-6CC59C0C660F}.Release|Any CPU.Build.0 = Release|Any CPU
		{A0762ABD-56CC-4386-8CC4-38C3D22C94F3}.Debug|Any CPU.ActiveCfg = Debug|Any CPU
		{A0762ABD-56CC-4386-8CC4-38C3D22C94F3}.Debug|Any CPU.Build.0 = Debug|Any CPU
		{A0762ABD-56CC-4386-8CC4-38C3D22C94F3}.Release|Any CPU.ActiveCfg = Release|Any CPU
		{A0762ABD-56CC-4386-8CC4-38C3D22C94F3}.Release|Any CPU.Build.0 = Release|Any CPU
		{C6C50F9C-8AB9-42EA-9B49-0AAFC72C4D41}.Debug|Any CPU.ActiveCfg = Debug|Any CPU
		{C6C50F9C-8AB9-42EA-9B49-0AAFC72C4D41}.Debug|Any CPU.Build.0 = Debug|Any CPU
		{C6C50F9C-8AB9-42EA-9B49-0AAFC72C4D41}.Release|Any CPU.ActiveCfg = Release|Any CPU
		{C6C50F9C-8AB9-42EA-9B49-0AAFC72C4D41}.Release|Any CPU.Build.0 = Release|Any CPU
		{062F28B1-2094-4C78-ADF2-EE358F21F04C}.Debug|Any CPU.ActiveCfg = Debug|Any CPU
		{062F28B1-2094-4C78-ADF2-EE358F21F04C}.Debug|Any CPU.Build.0 = Debug|Any CPU
		{062F28B1-2094-4C78-ADF2-EE358F21F04C}.Release|Any CPU.ActiveCfg = Release|Any CPU
		{062F28B1-2094-4C78-ADF2-EE358F21F04C}.Release|Any CPU.Build.0 = Release|Any CPU
		{D3274E08-FB57-468C-B13B-0AFF0A634831}.Debug|Any CPU.ActiveCfg = Debug|Any CPU
		{D3274E08-FB57-468C-B13B-0AFF0A634831}.Debug|Any CPU.Build.0 = Debug|Any CPU
		{D3274E08-FB57-468C-B13B-0AFF0A634831}.Release|Any CPU.ActiveCfg = Release|Any CPU
		{D3274E08-FB57-468C-B13B-0AFF0A634831}.Release|Any CPU.Build.0 = Release|Any CPU
		{A1893638-FF80-45B7-88BC-61274EFC1D52}.Debug|Any CPU.ActiveCfg = Debug|Any CPU
		{A1893638-FF80-45B7-88BC-61274EFC1D52}.Debug|Any CPU.Build.0 = Debug|Any CPU
		{A1893638-FF80-45B7-88BC-61274EFC1D52}.Release|Any CPU.ActiveCfg = Release|Any CPU
		{A1893638-FF80-45B7-88BC-61274EFC1D52}.Release|Any CPU.Build.0 = Release|Any CPU
		{5897859D-9362-4747-A3FC-6AE7C3B506BE}.Debug|Any CPU.ActiveCfg = Debug|Any CPU
		{5897859D-9362-4747-A3FC-6AE7C3B506BE}.Debug|Any CPU.Build.0 = Debug|Any CPU
		{5897859D-9362-4747-A3FC-6AE7C3B506BE}.Release|Any CPU.ActiveCfg = Release|Any CPU
		{5897859D-9362-4747-A3FC-6AE7C3B506BE}.Release|Any CPU.Build.0 = Release|Any CPU
		{F13ACBB9-5E65-4B31-9111-88E633EF72EF}.Debug|Any CPU.ActiveCfg = Debug|Any CPU
		{F13ACBB9-5E65-4B31-9111-88E633EF72EF}.Debug|Any CPU.Build.0 = Debug|Any CPU
		{F13ACBB9-5E65-4B31-9111-88E633EF72EF}.Release|Any CPU.ActiveCfg = Release|Any CPU
		{F13ACBB9-5E65-4B31-9111-88E633EF72EF}.Release|Any CPU.Build.0 = Release|Any CPU
		{442852BD-EF54-475B-9910-F332E224BBAC}.Debug|Any CPU.ActiveCfg = Debug|Any CPU
		{442852BD-EF54-475B-9910-F332E224BBAC}.Debug|Any CPU.Build.0 = Debug|Any CPU
		{442852BD-EF54-475B-9910-F332E224BBAC}.Release|Any CPU.ActiveCfg = Release|Any CPU
		{442852BD-EF54-475B-9910-F332E224BBAC}.Release|Any CPU.Build.0 = Release|Any CPU
	EndGlobalSection
	GlobalSection(SolutionProperties) = preSolution
		HideSolutionNode = FALSE
	EndGlobalSection
	GlobalSection(NestedProjects) = preSolution
		{471A951A-7ECC-46E3-A0EC-6CC59C0C660F} = {3DC91195-9ABA-4C45-A619-B4D8E3E78E17}
		{A0762ABD-56CC-4386-8CC4-38C3D22C94F3} = {3DC91195-9ABA-4C45-A619-B4D8E3E78E17}
		{C6C50F9C-8AB9-42EA-9B49-0AAFC72C4D41} = {3DC91195-9ABA-4C45-A619-B4D8E3E78E17}
		{062F28B1-2094-4C78-ADF2-EE358F21F04C} = {ADC3EE49-1635-4AE4-90D8-E0C250CBE2DF}
		{D3274E08-FB57-468C-B13B-0AFF0A634831} = {ADC3EE49-1635-4AE4-90D8-E0C250CBE2DF}
		{A1893638-FF80-45B7-88BC-61274EFC1D52} = {ADC3EE49-1635-4AE4-90D8-E0C250CBE2DF}
		{5897859D-9362-4747-A3FC-6AE7C3B506BE} = {B843FF23-AFB7-424B-ACC6-736615863293}
		{F13ACBB9-5E65-4B31-9111-88E633EF72EF} = {B843FF23-AFB7-424B-ACC6-736615863293}
		{442852BD-EF54-475B-9910-F332E224BBAC} = {B843FF23-AFB7-424B-ACC6-736615863293}
	EndGlobalSection
	GlobalSection(ExtensibilityGlobals) = postSolution
		SolutionGuid = {4ED33688-4752-454F-ACA3-E90212DC0834}
	EndGlobalSection
EndGlobal
